
Microsoft Visual Studio Solution File, Format Version 12.00
# Visual Studio Version 17
VisualStudioVersion = 17.11.35222.181
MinimumVisualStudioVersion = 10.0.40219.1
Project("{2150E333-8FDC-42A3-9474-1A3956D46DE8}") = "src", "src", "{9D05AF63-E19B-4E8B-B947-FA174E680003}"
EndProject
Project("{FAE04EC0-301F-11D3-BF4B-00C04F79EFBC}") = "GoodsApp.API", "src\GoodsApp.API\GoodsApp.API.csproj", "{D55F07C8-6A5F-4EC4-9231-5E77DF1A71D7}"
EndProject
Project("{FAE04EC0-301F-11D3-BF4B-00C04F79EFBC}") = "GoodsApp.Core", "src\GoodsApp.Core\GoodsApp.Core.csproj", "{DB5AD019-9991-4B38-B812-75F715CE4314}"
EndProject
Project("{FAE04EC0-301F-11D3-BF4B-00C04F79EFBC}") = "GoodsApp.Application", "src\GoodsApp.Application\GoodsApp.Application.csproj", "{6E057B28-1E80-439D-A00F-32C03F6D1B3D}"
EndProject
Project("{FAE04EC0-301F-11D3-BF4B-00C04F79EFBC}") = "GoodsApp.Infrastructure", "src\GoodsApp.Infrastructure\GoodsApp.Infrastructure.csproj", "{AC6F6823-9563-4A05-B8AE-DB5E6EEF8C60}"
EndProject
Global
	GlobalSection(SolutionConfigurationPlatforms) = preSolution
		Debug|Any CPU = Debug|Any CPU
		Release|Any CPU = Release|Any CPU
	EndGlobalSection
	GlobalSection(ProjectConfigurationPlatforms) = postSolution
		{D55F07C8-6A5F-4EC4-9231-5E77DF1A71D7}.Debug|Any CPU.ActiveCfg = Debug|Any CPU
		{D55F07C8-6A5F-4EC4-9231-5E77DF1A71D7}.Debug|Any CPU.Build.0 = Debug|Any CPU
		{D55F07C8-6A5F-4EC4-9231-5E77DF1A71D7}.Release|Any CPU.ActiveCfg = Release|Any CPU
		{D55F07C8-6A5F-4EC4-9231-5E77DF1A71D7}.Release|Any CPU.Build.0 = Release|Any CPU
		{DB5AD019-9991-4B38-B812-75F715CE4314}.Debug|Any CPU.ActiveCfg = Debug|Any CPU
		{DB5AD019-9991-4B38-B812-75F715CE4314}.Debug|Any CPU.Build.0 = Debug|Any CPU
		{DB5AD019-9991-4B38-B812-75F715CE4314}.Release|Any CPU.ActiveCfg = Release|Any CPU
		{DB5AD019-9991-4B38-B812-75F715CE4314}.Release|Any CPU.Build.0 = Release|Any CPU
		{6E057B28-1E80-439D-A00F-32C03F6D1B3D}.Debug|Any CPU.ActiveCfg = Debug|Any CPU
		{6E057B28-1E80-439D-A00F-32C03F6D1B3D}.Debug|Any CPU.Build.0 = Debug|Any CPU
		{6E057B28-1E80-439D-A00F-32C03F6D1B3D}.Release|Any CPU.ActiveCfg = Release|Any CPU
		{6E057B28-1E80-439D-A00F-32C03F6D1B3D}.Release|Any CPU.Build.0 = Release|Any CPU
		{AC6F6823-9563-4A05-B8AE-DB5E6EEF8C60}.Debug|Any CPU.ActiveCfg = Debug|Any CPU
		{AC6F6823-9563-4A05-B8AE-DB5E6EEF8C60}.Debug|Any CPU.Build.0 = Debug|Any CPU
		{AC6F6823-9563-4A05-B8AE-DB5E6EEF8C60}.Release|Any CPU.ActiveCfg = Release|Any CPU
		{AC6F6823-9563-4A05-B8AE-DB5E6EEF8C60}.Release|Any CPU.Build.0 = Release|Any CPU
	EndGlobalSection
	GlobalSection(SolutionProperties) = preSolution
		HideSolutionNode = FALSE
	EndGlobalSection
	GlobalSection(NestedProjects) = preSolution
		{D55F07C8-6A5F-4EC4-9231-5E77DF1A71D7} = {9D05AF63-E19B-4E8B-B947-FA174E680003}
		{DB5AD019-9991-4B38-B812-75F715CE4314} = {9D05AF63-E19B-4E8B-B947-FA174E680003}
		{6E057B28-1E80-439D-A00F-32C03F6D1B3D} = {9D05AF63-E19B-4E8B-B947-FA174E680003}
		{AC6F6823-9563-4A05-B8AE-DB5E6EEF8C60} = {9D05AF63-E19B-4E8B-B947-FA174E680003}
	EndGlobalSection
	GlobalSection(ExtensibilityGlobals) = postSolution
		SolutionGuid = {E3E9AA71-902C-4A79-BEC5-2C2448D696D9}
	EndGlobalSection
EndGlobal
